github.com/laenzlinger/hugo-kicad-site v0.0.0-20260417222438-df34c29740bd h1:Xv9yOxEC7uLTPPRm5g2EEx4NTi43EKXv7kt/EzbPdV4=
github.com/laenzlinger/hugo-kicad-site v0.0.0-20260417222438-df34c29740bd/go.mod h1:Iy7P39Do7OBF99H9j7Fj42VKjkkiz8avb9PDtET1o2k=
github.com/laenzlinger/hugo-kicad-site v0.0.0-20260418072343-e45f4d47ca69 h1:ucst6qGNyZj6cSh3miYTqjyD4rhW0EtQBBbturrKywc=
github.com/laenzlinger/hugo-kicad-site v0.0.0-20260418072343-e45f4d47ca69/go.mod h1:Iy7P39Do7OBF99H9j7Fj42VKjkkiz8avb9PDtET1o2k=
github.com/laenzlinger/hugo-kicad-site v1.0.4-0.20260422200928-e97879580ce5 h1:Nb3Mfb3cSXL3MsTrVV2gVoljIdjTr/1yUoFPpZ70PDE=
github.com/laenzlinger/hugo-kicad-site v1.0.4-0.20260422200928-e97879580ce5/go.mod h1:Iy7P39Do7OBF99H9j7Fj42VKjkkiz8avb9PDtET1o2k=
